title: Fit a better lock on the lounge door
category: job
status: open
order: 42
scope: quick
summary: >-
  Swap the lounge door's latch lock for a handle with a lock - a quick
  improvement.
helpNeeded:
  - Someone handy
  - A replacement handle and lock
lead:
  name: ''
  contact: ''
contributors: []
